
Microsoft Visual Studio Solution File, Format Version 12.00
# Visual Studio 15
VisualStudioVersion = 15.0.26124.0
MinimumVisualStudioVersion = 15.0.26124.0
Project("{2150E333-8FDC-42A3-9474-1A3956D46DE8}") = "package", "package", "{9D64648C-707A-41A2-90C9-5269BEF4163E}"
ProjectSection(SolutionItems) = preProject
	LICENSE = LICENSE
	NOTICE = NOTICE
	README.md = README.md
	assets\ppw-logo-2.png = assets\ppw-logo-2.png
	assets\ppw-logo.png = assets\ppw-logo.png
EndProjectSection
EndProject
Project("{2150E333-8FDC-42A3-9474-1A3956D46DE8}") = "solution-items", "solution-items", "{CA9DD4D5-1345-4BAD-8454-6AB4275320A6}"
ProjectSection(SolutionItems) = preProject
	src\Directory.Build.props = src\Directory.Build.props
	src\common-tests.props = src\common-tests.props
	src\common.props = src\common.props
	src\Directory.Packages.props = src\Directory.Packages.props
	global.json = global.json
EndProjectSection
EndProject
Project("{FAE04EC0-301F-11D3-BF4B-00C04F79EFBC}") = "PPWCode.API.Core", "src\PPWCode.API.Core\PPWCode.API.Core.csproj", "{BC345D2D-BD8C-4ACD-AC40-8FFCD043DAC8}"
EndProject
Project("{FAE04EC0-301F-11D3-BF4B-00C04F79EFBC}") = "PPWCode.API.Core.Services", "src\PPWCode.API.Core.Services\PPWCode.API.Core.Services.csproj", "{28C4E389-707A-4C8D-B94D-BEB20CCC5447}"
EndProject
Project("{FAE04EC0-301F-11D3-BF4B-00C04F79EFBC}") = "PPWCode.API.Core.NewtonSoft", "src\PPWCode.API.Core.NewtonSoft\PPWCode.API.Core.NewtonSoft.csproj", "{BD9667D7-844D-477A-A0E8-1C1C581F15D4}"
EndProject
Project("{2150E333-8FDC-42A3-9474-1A3956D46DE8}") = "analyzers", "analyzers", "{30DFB0C3-A666-44E6-82FE-5698FFBB5CB0}"
	ProjectSection(SolutionItems) = preProject
		src\Analyzer-Tests.ruleset = src\Analyzer-Tests.ruleset
		src\Analyzer.ruleset = src\Analyzer.ruleset
	EndProjectSection
EndProject
Project("{2150E333-8FDC-42A3-9474-1A3956D46DE8}") = "build-pipeline", "build-pipeline", "{B1E721B7-ED38-4EF6-A627-703CDE3946CD}"
	ProjectSection(SolutionItems) = preProject
		.github\workflows\ci.yml = .github\workflows\ci.yml
		.github\workflows\publish.yml = .github\workflows\publish.yml
	EndProjectSection
EndProject
Global
	GlobalSection(SolutionConfigurationPlatforms) = preSolution
		Debug|Any CPU = Debug|Any CPU
		Release|Any CPU = Release|Any CPU
	EndGlobalSection
	GlobalSection(SolutionProperties) = preSolution
		HideSolutionNode = FALSE
	EndGlobalSection
	GlobalSection(ProjectConfigurationPlatforms) = postSolution
		{BC345D2D-BD8C-4ACD-AC40-8FFCD043DAC8}.Debug|Any CPU.ActiveCfg = Debug|Any CPU
		{BC345D2D-BD8C-4ACD-AC40-8FFCD043DAC8}.Debug|Any CPU.Build.0 = Debug|Any CPU
		{BC345D2D-BD8C-4ACD-AC40-8FFCD043DAC8}.Release|Any CPU.ActiveCfg = Release|Any CPU
		{BC345D2D-BD8C-4ACD-AC40-8FFCD043DAC8}.Release|Any CPU.Build.0 = Release|Any CPU
		{28C4E389-707A-4C8D-B94D-BEB20CCC5447}.Debug|Any CPU.ActiveCfg = Debug|Any CPU
		{28C4E389-707A-4C8D-B94D-BEB20CCC5447}.Debug|Any CPU.Build.0 = Debug|Any CPU
		{28C4E389-707A-4C8D-B94D-BEB20CCC5447}.Release|Any CPU.ActiveCfg = Release|Any CPU
		{28C4E389-707A-4C8D-B94D-BEB20CCC5447}.Release|Any CPU.Build.0 = Release|Any CPU
		{BD9667D7-844D-477A-A0E8-1C1C581F15D4}.Debug|Any CPU.ActiveCfg = Debug|Any CPU
		{BD9667D7-844D-477A-A0E8-1C1C581F15D4}.Debug|Any CPU.Build.0 = Debug|Any CPU
		{BD9667D7-844D-477A-A0E8-1C1C581F15D4}.Release|Any CPU.ActiveCfg = Release|Any CPU
		{BD9667D7-844D-477A-A0E8-1C1C581F15D4}.Release|Any CPU.Build.0 = Release|Any CPU
	EndGlobalSection
EndGlobal
