{
  "version": 2,
  "dependencies": {
    "net10.0": {
      "JetBrains.Annotations": {
        "type": "Direct",
        "requested": "[2025.*, )",
        "resolved": "2025.2.4",
        "contentHash": "TwbgxAkXxY+vNEhNVx/QXjJ4vqxmepOjsgRvvImQPbHkHMMb4W+ahL3laMsxXKtNT7iMy+E1B3xkqao2hf1n3A=="
      },
      "Microsoft.AspNetCore.Mvc.NewtonsoftJson": {
        "type": "Direct",
        "requested": "[10.*, )",
        "resolved": "10.0.9",
        "contentHash": "92fflUH1zefpjO7fnNJo3dpV0PQnvRpRcqR7ctlxnTumS1oQN8FRwRsruU/jW9PwWl/yYHOuFjuiHESzE4gY5g==",
        "dependencies": {
          "Microsoft.AspNetCore.JsonPatch": "10.0.9",
          "Newtonsoft.Json": "13.0.3",
          "Newtonsoft.Json.Bson": "1.0.2"
        }
      },
      "Microsoft.SourceLink.GitHub": {
        "type": "Direct",
        "requested": "[10.*, )",
        "resolved": "10.0.300",
        "contentHash": "QzCtLkXVb3l4IxcpvJCbzUwMLihAmLN6vVLjQGSzYSF8d2dvXxqJAZk83RV3gYnp2egz8jRMgSR2woY3vOahTA==",
        "dependencies": {
          "Microsoft.Build.Tasks.Git": "10.0.300",
          "Microsoft.SourceLink.Common": "10.0.300",
          "System.IO.Hashing": "10.0.8"
        }
      },
      "StyleCop.Analyzers": {
        "type": "Direct",
        "requested": "[1.2.0-beta.556, )",
        "resolved": "1.2.0-beta.556",
        "contentHash": "llRPgmA1fhC0I0QyFLEcjvtM2239QzKr/tcnbsjArLMJxJlu0AA5G7Fft0OI30pHF3MW63Gf4aSSsjc5m82J1Q==",
        "dependencies": {
          "StyleCop.Analyzers.Unstable": "1.2.0.556"
        }
      },
      "Microsoft.AspNetCore.JsonPatch": {
        "type": "Transitive",
        "resolved": "10.0.9",
        "contentHash": "XgN+a1F7kt4JOlwfiYSu6YMpK20QgIKebPE9QvrHogAX5A0jnqAG2E8I+Hh7/vu59+BrFKQ0UX6Ls7E80/O9IA==",
        "dependencies": {
          "Newtonsoft.Json": "13.0.3"
        }
      },
      "Microsoft.Build.Tasks.Git": {
        "type": "Transitive",
        "resolved": "10.0.300",
        "contentHash": "P0kaQwVZx4xIUe2FtrLyBadYNXuAljttJUPvjBYRuHhPE8L77L42KakLDkaADRiUrGspoLcMwayjrbQhYTr0zA==",
        "dependencies": {
          "System.IO.Hashing": "10.0.8"
        }
      },
      "Microsoft.SourceLink.Common": {
        "type": "Transitive",
        "resolved": "10.0.300",
        "contentHash": "0jlkXaUGjYlWTIVPve5MftjKHnT3SlAtq9BCLV4J9IjdPrxV/+4rMlBSjfr1khG8/GC6KGojjola8E1VvWF0qQ=="
      },
      "Newtonsoft.Json.Bson": {
        "type": "Transitive",
        "resolved": "1.0.2",
        "contentHash": "QYFyxhaABwmq3p/21VrZNYvCg3DaEoN/wUuw5nmfAf0X3HLjgupwhkEWdgfb9nvGAUIv3osmZoD3kKl4jxEmYQ==",
        "dependencies": {
          "Newtonsoft.Json": "12.0.1"
        }
      },
      "StyleCop.Analyzers.Unstable": {
        "type": "Transitive",
        "resolved": "1.2.0.556",
        "contentHash": "zvn9Mqs/ox/83cpYPignI8hJEM2A93s2HkHs8HYMOAQW0PkampyoErAiIyKxgTLqbbad29HX/shv/6LGSjPJNQ=="
      },
      "System.IO.Hashing": {
        "type": "Transitive",
        "resolved": "10.0.8",
        "contentHash": "+dJsbPJ3FyUbTZNplFj0RCKePFizmv6ewDV46JE9q/IVH4c3xTCftHfHelLsAKf0jryIPqgMb5GpS0x7TAY3mg=="
      },
      "ppwcode.api.core.newtonsoft": {
        "type": "Project",
        "dependencies": {
          "JetBrains.Annotations": "[2025.*, )",
          "Newtonsoft.Json": "[13.*, )",
          "PPWCode.Vernacular.Exceptions.IV": "[2.*, )"
        }
      },
      "Newtonsoft.Json": {
        "type": "CentralTransitive",
        "requested": "[13.*, )",
        "resolved": "13.0.4",
        "contentHash": "pdgNNMai3zv51W5aq268sujXUyx7SNdE2bj1wZcWjAQrKMFZV260lbqYop1d2GM67JI1huLRwxo9ZqnfF/lC6A=="
      },
      "PPWCode.Vernacular.Exceptions.IV": {
        "type": "CentralTransitive",
        "requested": "[2.*, )",
        "resolved": "2.3.0",
        "contentHash": "WI7DHlOEF6UdO/lETCeOsQxOHcFycdHN8BuTN1MWAfh2nqDCt2Xkh1XVXhnMTvLY6Fg+Ocv2ig821jXTFpyoaA=="
      }
    },
    "net8.0": {
      "JetBrains.Annotations": {
        "type": "Direct",
        "requested": "[2025.*, )",
        "resolved": "2025.2.4",
        "contentHash": "TwbgxAkXxY+vNEhNVx/QXjJ4vqxmepOjsgRvvImQPbHkHMMb4W+ahL3laMsxXKtNT7iMy+E1B3xkqao2hf1n3A=="
      },
      "Microsoft.AspNetCore.Mvc.NewtonsoftJson": {
        "type": "Direct",
        "requested": "[8.*, )",
        "resolved": "8.0.28",
        "contentHash": "nOFHGrKz0w2uzzm0BvfkeIK9JwmKEBsNnZOhs0WWufAafyJxr4eEE+UjPOO4/Bj4c9a6Z58L39ZUGAKgNOmN7w==",
        "dependencies": {
          "Microsoft.AspNetCore.JsonPatch": "8.0.28",
          "Newtonsoft.Json": "13.0.3",
          "Newtonsoft.Json.Bson": "1.0.2"
        }
      },
      "Microsoft.SourceLink.GitHub": {
        "type": "Direct",
        "requested": "[10.*, )",
        "resolved": "10.0.300",
        "contentHash": "QzCtLkXVb3l4IxcpvJCbzUwMLihAmLN6vVLjQGSzYSF8d2dvXxqJAZk83RV3gYnp2egz8jRMgSR2woY3vOahTA==",
        "dependencies": {
          "Microsoft.Build.Tasks.Git": "10.0.300",
          "Microsoft.SourceLink.Common": "10.0.300",
          "System.IO.Hashing": "10.0.8"
        }
      },
      "StyleCop.Analyzers": {
        "type": "Direct",
        "requested": "[1.2.0-beta.556, )",
        "resolved": "1.2.0-beta.556",
        "contentHash": "llRPgmA1fhC0I0QyFLEcjvtM2239QzKr/tcnbsjArLMJxJlu0AA5G7Fft0OI30pHF3MW63Gf4aSSsjc5m82J1Q==",
        "dependencies": {
          "StyleCop.Analyzers.Unstable": "1.2.0.556"
        }
      },
      "Microsoft.AspNetCore.JsonPatch": {
        "type": "Transitive",
        "resolved": "8.0.28",
        "contentHash": "q7z6lq3EZ/fJ8YykC/5HSEB0/7huCJB0DSftVUPQsc9GCxWRxbOWpxl2nXX7NPDhxnD8qAFMDHFd9jopzqPikA==",
        "dependencies": {
          "Newtonsoft.Json": "13.0.3"
        }
      },
      "Microsoft.Build.Tasks.Git": {
        "type": "Transitive",
        "resolved": "10.0.300",
        "contentHash": "P0kaQwVZx4xIUe2FtrLyBadYNXuAljttJUPvjBYRuHhPE8L77L42KakLDkaADRiUrGspoLcMwayjrbQhYTr0zA==",
        "dependencies": {
          "System.IO.Hashing": "10.0.8"
        }
      },
      "Microsoft.SourceLink.Common": {
        "type": "Transitive",
        "resolved": "10.0.300",
        "contentHash": "0jlkXaUGjYlWTIVPve5MftjKHnT3SlAtq9BCLV4J9IjdPrxV/+4rMlBSjfr1khG8/GC6KGojjola8E1VvWF0qQ=="
      },
      "Newtonsoft.Json.Bson": {
        "type": "Transitive",
        "resolved": "1.0.2",
        "contentHash": "QYFyxhaABwmq3p/21VrZNYvCg3DaEoN/wUuw5nmfAf0X3HLjgupwhkEWdgfb9nvGAUIv3osmZoD3kKl4jxEmYQ==",
        "dependencies": {
          "Newtonsoft.Json": "12.0.1"
        }
      },
      "StyleCop.Analyzers.Unstable": {
        "type": "Transitive",
        "resolved": "1.2.0.556",
        "contentHash": "zvn9Mqs/ox/83cpYPignI8hJEM2A93s2HkHs8HYMOAQW0PkampyoErAiIyKxgTLqbbad29HX/shv/6LGSjPJNQ=="
      },
      "System.IO.Hashing": {
        "type": "Transitive",
        "resolved": "10.0.8",
        "contentHash": "+dJsbPJ3FyUbTZNplFj0RCKePFizmv6ewDV46JE9q/IVH4c3xTCftHfHelLsAKf0jryIPqgMb5GpS0x7TAY3mg=="
      },
      "ppwcode.api.core.newtonsoft": {
        "type": "Project",
        "dependencies": {
          "JetBrains.Annotations": "[2025.*, )",
          "Newtonsoft.Json": "[13.*, )",
          "PPWCode.Vernacular.Exceptions.IV": "[2.*, )"
        }
      },
      "Newtonsoft.Json": {
        "type": "CentralTransitive",
        "requested": "[13.*, )",
        "resolved": "13.0.4",
        "contentHash": "pdgNNMai3zv51W5aq268sujXUyx7SNdE2bj1wZcWjAQrKMFZV260lbqYop1d2GM67JI1huLRwxo9ZqnfF/lC6A=="
      },
      "PPWCode.Vernacular.Exceptions.IV": {
        "type": "CentralTransitive",
        "requested": "[2.*, )",
        "resolved": "2.3.0",
        "contentHash": "WI7DHlOEF6UdO/lETCeOsQxOHcFycdHN8BuTN1MWAfh2nqDCt2Xkh1XVXhnMTvLY6Fg+Ocv2ig821jXTFpyoaA=="
      }
    },
    "net9.0": {
      "JetBrains.Annotations": {
        "type": "Direct",
        "requested": "[2025.*, )",
        "resolved": "2025.2.4",
        "contentHash": "TwbgxAkXxY+vNEhNVx/QXjJ4vqxmepOjsgRvvImQPbHkHMMb4W+ahL3laMsxXKtNT7iMy+E1B3xkqao2hf1n3A=="
      },
      "Microsoft.AspNetCore.Mvc.NewtonsoftJson": {
        "type": "Direct",
        "requested": "[9.*, )",
        "resolved": "9.0.17",
        "contentHash": "SaTAW2hyHygRSMxD6AUbXBuOEdgeZ7DwLSObLv0PCz9XJB0bcOz1HbAWOIkx1Ckb8Jt/zQmsEiBTrDb/XyZOOg==",
        "dependencies": {
          "Microsoft.AspNetCore.JsonPatch": "9.0.17",
          "Newtonsoft.Json": "13.0.3",
          "Newtonsoft.Json.Bson": "1.0.2"
        }
      },
      "Microsoft.SourceLink.GitHub": {
        "type": "Direct",
        "requested": "[10.*, )",
        "resolved": "10.0.300",
        "contentHash": "QzCtLkXVb3l4IxcpvJCbzUwMLihAmLN6vVLjQGSzYSF8d2dvXxqJAZk83RV3gYnp2egz8jRMgSR2woY3vOahTA==",
        "dependencies": {
          "Microsoft.Build.Tasks.Git": "10.0.300",
          "Microsoft.SourceLink.Common": "10.0.300",
          "System.IO.Hashing": "10.0.8"
        }
      },
      "StyleCop.Analyzers": {
        "type": "Direct",
        "requested": "[1.2.0-beta.556, )",
        "resolved": "1.2.0-beta.556",
        "contentHash": "llRPgmA1fhC0I0QyFLEcjvtM2239QzKr/tcnbsjArLMJxJlu0AA5G7Fft0OI30pHF3MW63Gf4aSSsjc5m82J1Q==",
        "dependencies": {
          "StyleCop.Analyzers.Unstable": "1.2.0.556"
        }
      },
      "Microsoft.AspNetCore.JsonPatch": {
        "type": "Transitive",
        "resolved": "9.0.17",
        "contentHash": "qpObrbEJfSbShMhmfm77In9VM03iLeyzvAdkyE1dsSxgN67Q8+u7OUkC3njfmU7v8yW66+I5GXhyEtsTV3/cWw==",
        "dependencies": {
          "Newtonsoft.Json": "13.0.3"
        }
      },
      "Microsoft.Build.Tasks.Git": {
        "type": "Transitive",
        "resolved": "10.0.300",
        "contentHash": "P0kaQwVZx4xIUe2FtrLyBadYNXuAljttJUPvjBYRuHhPE8L77L42KakLDkaADRiUrGspoLcMwayjrbQhYTr0zA==",
        "dependencies": {
          "System.IO.Hashing": "10.0.8"
        }
      },
      "Microsoft.SourceLink.Common": {
        "type": "Transitive",
        "resolved": "10.0.300",
        "contentHash": "0jlkXaUGjYlWTIVPve5MftjKHnT3SlAtq9BCLV4J9IjdPrxV/+4rMlBSjfr1khG8/GC6KGojjola8E1VvWF0qQ=="
      },
      "Newtonsoft.Json.Bson": {
        "type": "Transitive",
        "resolved": "1.0.2",
        "contentHash": "QYFyxhaABwmq3p/21VrZNYvCg3DaEoN/wUuw5nmfAf0X3HLjgupwhkEWdgfb9nvGAUIv3osmZoD3kKl4jxEmYQ==",
        "dependencies": {
          "Newtonsoft.Json": "12.0.1"
        }
      },
      "StyleCop.Analyzers.Unstable": {
        "type": "Transitive",
        "resolved": "1.2.0.556",
        "contentHash": "zvn9Mqs/ox/83cpYPignI8hJEM2A93s2HkHs8HYMOAQW0PkampyoErAiIyKxgTLqbbad29HX/shv/6LGSjPJNQ=="
      },
      "System.IO.Hashing": {
        "type": "Transitive",
        "resolved": "10.0.8",
        "contentHash": "+dJsbPJ3FyUbTZNplFj0RCKePFizmv6ewDV46JE9q/IVH4c3xTCftHfHelLsAKf0jryIPqgMb5GpS0x7TAY3mg=="
      },
      "ppwcode.api.core.newtonsoft": {
        "type": "Project",
        "dependencies": {
          "JetBrains.Annotations": "[2025.*, )",
          "Newtonsoft.Json": "[13.*, )",
          "PPWCode.Vernacular.Exceptions.IV": "[2.*, )"
        }
      },
      "Newtonsoft.Json": {
        "type": "CentralTransitive",
        "requested": "[13.*, )",
        "resolved": "13.0.4",
        "contentHash": "pdgNNMai3zv51W5aq268sujXUyx7SNdE2bj1wZcWjAQrKMFZV260lbqYop1d2GM67JI1huLRwxo9ZqnfF/lC6A=="
      },
      "PPWCode.Vernacular.Exceptions.IV": {
        "type": "CentralTransitive",
        "requested": "[2.*, )",
        "resolved": "2.3.0",
        "contentHash": "WI7DHlOEF6UdO/lETCeOsQxOHcFycdHN8BuTN1MWAfh2nqDCt2Xkh1XVXhnMTvLY6Fg+Ocv2ig821jXTFpyoaA=="
      }
    }
  }
}